// !$*UTF8*$!
{
	archiveVersion = 1;
	classes = {
	};
	objectVersion = 56;
	objects = {

/* Begin PBXBuildFile section */
		203B96392C8DB9BB004559A3 /* RingView.swift in Sources */ = {isa = PBXBuildFile; fileRef = 203B96382C8DB9BA004559A3 /* RingView.swift */; };
		203B963B2C8ED612004559A3 /* Modifier.swift in Sources */ = {isa = PBXBuildFile; fileRef = 203B963A2C8ED612004559A3 /* Modifier.swift */; };
		203B96542C8EECA7004559A3 /* WorkSans-Black.ttf in Resources */ = {isa = PBXBuildFile; fileRef = 203B963C2C8EECA7004559A3 /* WorkSans-Black.ttf */; };
		203B96552C8EECA7004559A3 /* WorkSans-BlackItalic.ttf in Resources */ = {isa = PBXBuildFile; fileRef = 203B963D2C8EECA7004559A3 /* WorkSans-BlackItalic.ttf */; };
		203B96562C8EECA7004559A3 /* WorkSans-Bold.ttf in Resources */ = {isa = PBXBuildFile; fileRef = 203B963E2C8EECA7004559A3 /* WorkSans-Bold.ttf */; };
		203B96572C8EECA7004559A3 /* WorkSans-BoldItalic.ttf in Resources */ = {isa = PBXBuildFile; fileRef = 203B963F2C8EECA7004559A3 /* WorkSans-BoldItalic.ttf */; };
		203B96582C8EECA7004559A3 /* WorkSans-ExtraBold.ttf in Resources */ = {isa = PBXBuildFile; fileRef = 203B96402C8EECA7004559A3 /* WorkSans-ExtraBold.ttf */; };
		203B96592C8EECA7004559A3 /* WorkSans-ExtraBoldItalic.ttf in Resources */ = {isa = PBXBuildFile; fileRef = 203B96412C8EECA7004559A3 /* WorkSans-ExtraBoldItalic.ttf */; };
		203B965A2C8EECA7004559A3 /* WorkSans-ExtraLight.ttf in Resources */ = {isa = PBXBuildFile; fileRef = 203B96422C8EECA7004559A3 /* WorkSans-ExtraLight.ttf */; };
		203B965B2C8EECA7004559A3 /* WorkSans-ExtraLightItalic.ttf in Resources */ = {isa = PBXBuildFile; fileRef = 203B96432C8EECA7004559A3 /* WorkSans-ExtraLightItalic.ttf */; };
		203B965C2C8EECA7004559A3 /* WorkSans-Italic.ttf in Resources */ = {isa = PBXBuildFile; fileRef = 203B96442C8EECA7004559A3 /* WorkSans-Italic.ttf */; };
		203B965D2C8EECA7004559A3 /* WorkSans-Light.ttf in Resources */ = {isa = PBXBuildFile; fileRef = 203B96452C8EECA7004559A3 /* WorkSans-Light.ttf */; };
		203B965E2C8EECA7004559A3 /* WorkSans-LightItalic.ttf in Resources */ = {isa = PBXBuildFile; fileRef = 203B96462C8EECA7004559A3 /* WorkSans-LightItalic.ttf */; };
		203B965F2C8EECA7004559A3 /* WorkSans-Medium.ttf in Resources */ = {isa = PBXBuildFile; fileRef = 203B96472C8EECA7004559A3 /* WorkSans-Medium.ttf */; };
		203B96602C8EECA7004559A3 /* WorkSans-MediumItalic.ttf in Resources */ = {isa = PBXBuildFile; fileRef = 203B96482C8EECA7004559A3 /* WorkSans-MediumItalic.ttf */; };
		203B96612C8EECA7004559A3 /* WorkSans-Regular.ttf in Resources */ = {isa = PBXBuildFile; fileRef = 203B96492C8EECA7004559A3 /* WorkSans-Regular.ttf */; };
		203B96622C8EECA7004559A3 /* WorkSans-SemiBold.ttf in Resources */ = {isa = PBXBuildFile; fileRef = 203B964A2C8EECA7004559A3 /* WorkSans-SemiBold.ttf */; };
		203B96632C8EECA7004559A3 /* WorkSans-SemiBoldItalic.ttf in Resources */ = {isa = PBXBuildFile; fileRef = 203B964B2C8EECA7004559A3 /* WorkSans-SemiBoldItalic.ttf */; };
		203B96642C8EECA7004559A3 /* WorkSans-Thin.ttf in Resources */ = {isa = PBXBuildFile; fileRef = 203B964C2C8EECA7004559A3 /* WorkSans-Thin.ttf */; };
		203B96652C8EECA7004559A3 /* WorkSans-ThinItalic.ttf in Resources */ = {isa = PBXBuildFile; fileRef = 203B964D2C8EECA7004559A3 /* WorkSans-ThinItalic.ttf */; };
		203B96662C8EECA7004559A3 /* OFL.txt in Resources */ = {isa = PBXBuildFile; fileRef = 203B964F2C8EECA7004559A3 /* OFL.txt */; };
		203B96672C8EECA7004559A3 /* README.txt in Resources */ = {isa = PBXBuildFile; fileRef = 203B96502C8EECA7004559A3 /* README.txt */; };
		203B96682C8EECA7004559A3 /* WorkSans-Italic-VariableFont_wght.ttf in Resources */ = {isa = PBXBuildFile; fileRef = 203B96512C8EECA7004559A3 /* WorkSans-Italic-VariableFont_wght.ttf */; };
		203B96692C8EECA7004559A3 /* WorkSans-VariableFont_wght.ttf in Resources */ = {isa = PBXBuildFile; fileRef = 203B96522C8EECA7004559A3 /* WorkSans-VariableFont_wght.ttf */; };
		203B966C2C8F2E74004559A3 /* CourseList.swift in Sources */ = {isa = PBXBuildFile; fileRef = 203B966B2C8F2E74004559A3 /* CourseList.swift */; };
		204B02BE2C8AF98400D9C41D /* Home.swift in Sources */ = {isa = PBXBuildFile; fileRef = 204B02BD2C8AF98400D9C41D /* Home.swift */; };
		204B02C02C8AF9A000D9C41D /* HomeView.swift in Sources */ = {isa = PBXBuildFile; fileRef = 204B02BF2C8AF9A000D9C41D /* HomeView.swift */; };
		204B02C22C8AF9BD00D9C41D /* MenuView.swift in Sources */ = {isa = PBXBuildFile; fileRef = 204B02C12C8AF9BD00D9C41D /* MenuView.swift */; };
		204B02C62C8AF9F900D9C41D /* UpdateDetail.swift in Sources */ = {isa = PBXBuildFile; fileRef = 204B02C52C8AF9F900D9C41D /* UpdateDetail.swift */; };
		204B02C82C8AFA3C00D9C41D /* UpdateStore.swift in Sources */ = {isa = PBXBuildFile; fileRef = 204B02C72C8AFA3C00D9C41D /* UpdateStore.swift */; };
		204B02CA2C8AFA5500D9C41D /* TabBar.swift in Sources */ = {isa = PBXBuildFile; fileRef = 204B02C92C8AFA5500D9C41D /* TabBar.swift */; };
		20A14E182C84B80900B64599 /* DesignCodeApp.swift in Sources */ = {isa = PBXBuildFile; fileRef = 20A14E172C84B80900B64599 /* DesignCodeApp.swift */; };
		20A14E1A2C84B80900B64599 /* ContentView.swift in Sources */ = {isa = PBXBuildFile; fileRef = 20A14E192C84B80900B64599 /* ContentView.swift */; };
		20A14E1C2C84B80B00B64599 /* Assets.xcassets in Resources */ = {isa = PBXBuildFile; fileRef = 20A14E1B2C84B80B00B64599 /* Assets.xcassets */; };
		20A14E1F2C84B80B00B64599 /* Preview Assets.xcassets in Resources */ = {isa = PBXBuildFile; fileRef = 20A14E1E2C84B80B00B64599 /* Preview Assets.xcassets */; };
		20A14E292C84B80C00B64599 /* DesignCodeTests.swift in Sources */ = {isa = PBXBuildFile; fileRef = 20A14E282C84B80C00B64599 /* DesignCodeTests.swift */; };
		20A14E332C84B80C00B64599 /* DesignCodeUITests.swift in Sources */ = {isa = PBXBuildFile; fileRef = 20A14E322C84B80C00B64599 /* DesignCodeUITests.swift */; };
		20A14E352C84B80C00B64599 /* DesignCodeUITestsLaunchTests.swift in Sources */ = {isa = PBXBuildFile; fileRef = 20A14E342C84B80C00B64599 /* DesignCodeUITestsLaunchTests.swift */; };
		20A4B11B2C8AFD3E00EA8A2C /* UpdateList.swift in Sources */ = {isa = PBXBuildFile; fileRef = 20A4B11A2C8AFD3E00EA8A2C /* UpdateList.swift */; };
/* End PBXBuildFile section */

/* Begin PBXContainerItemProxy section */
		20A14E252C84B80C00B64599 /* PBXContainerItemProxy */ = {
			isa = PBXContainerItemProxy;
			containerPortal = 20A14E0C2C84B80900B64599 /* Project object */;
			proxyType = 1;
			remoteGlobalIDString = 20A14E132C84B80900B64599;
			remoteInfo = DesignCode;
		};
		20A14E2F2C84B80C00B64599 /* PBXContainerItemProxy */ = {
			isa = PBXContainerItemProxy;
			containerPortal = 20A14E0C2C84B80900B64599 /* Project object */;
			proxyType = 1;
			remoteGlobalIDString = 20A14E132C84B80900B64599;
			remoteInfo = DesignCode;
		};
/* End PBXContainerItemProxy section */

/* Begin PBXFileReference section */
		203B96382C8DB9BA004559A3 /* RingView.swift */ = {isa = PBXFileReference; lastKnownFileType = sourcecode.swift; path = RingView.swift; sourceTree = "<group>"; };
		203B963A2C8ED612004559A3 /* Modifier.swift */ = {isa = PBXFileReference; lastKnownFileType = sourcecode.swift; path = Modifier.swift; sourceTree = "<group>"; };
		203B963C2C8EECA7004559A3 /* WorkSans-Black.ttf */ = {isa = PBXFileReference; lastKnownFileType = file; path = "WorkSans-Black.ttf"; sourceTree = "<group>"; };
		203B963D2C8EECA7004559A3 /* WorkSans-BlackItalic.ttf */ = {isa = PBXFileReference; lastKnownFileType = file; path = "WorkSans-BlackItalic.ttf"; sourceTree = "<group>"; };
		203B963E2C8EECA7004559A3 /* WorkSans-Bold.ttf */ = {isa = PBXFileReference; lastKnownFileType = file; path = "WorkSans-Bold.ttf"; sourceTree = "<group>"; };
		203B963F2C8EECA7004559A3 /* WorkSans-BoldItalic.ttf */ = {isa = PBXFileReference; lastKnownFileType = file; path = "WorkSans-BoldItalic.ttf"; sourceTree = "<group>"; };
		203B96402C8EECA7004559A3 /* WorkSans-ExtraBold.ttf */ = {isa = PBXFileReference; lastKnownFileType = file; path = "WorkSans-ExtraBold.ttf"; sourceTree = "<group>"; };
		203B96412C8EECA7004559A3 /* WorkSans-ExtraBoldItalic.ttf */ = {isa = PBXFileReference; lastKnownFileType = file; path = "WorkSans-ExtraBoldItalic.ttf"; sourceTree = "<group>"; };
		203B96422C8EECA7004559A3 /* WorkSans-ExtraLight.ttf */ = {isa = PBXFileReference; lastKnownFileType = file; path = "WorkSans-ExtraLight.ttf"; sourceTree = "<group>"; };
		203B96432C8EECA7004559A3 /* WorkSans-ExtraLightItalic.ttf */ = {isa = PBXFileReference; lastKnownFileType = file; path = "WorkSans-ExtraLightItalic.ttf"; sourceTree = "<group>"; };
		203B96442C8EECA7004559A3 /* WorkSans-Italic.ttf */ = {isa = PBXFileReference; lastKnownFileType = file; path = "WorkSans-Italic.ttf"; sourceTree = "<group>"; };
		203B96452C8EECA7004559A3 /* WorkSans-Light.ttf */ = {isa = PBXFileReference; lastKnownFileType = file; path = "WorkSans-Light.ttf"; sourceTree = "<group>"; };
		203B96462C8EECA7004559A3 /* WorkSans-LightItalic.ttf */ = {isa = PBXFileReference; lastKnownFileType = file; path = "WorkSans-LightItalic.ttf"; sourceTree = "<group>"; };
		203B96472C8EECA7004559A3 /* WorkSans-Medium.ttf */ = {isa = PBXFileReference; lastKnownFileType = file; path = "WorkSans-Medium.ttf"; sourceTree = "<group>"; };
		203B96482C8EECA7004559A3 /* WorkSans-MediumItalic.ttf */ = {isa = PBXFileReference; lastKnownFileType = file; path = "WorkSans-MediumItalic.ttf"; sourceTree = "<group>"; };
		203B96492C8EECA7004559A3 /* WorkSans-Regular.ttf */ = {isa = PBXFileReference; lastKnownFileType = file; path = "WorkSans-Regular.ttf"; sourceTree = "<group>"; };
		203B964A2C8EECA7004559A3 /* WorkSans-SemiBold.ttf */ = {isa = PBXFileReference; lastKnownFileType = file; path = "WorkSans-SemiBold.ttf"; sourceTree = "<group>"; };
		203B964B2C8EECA7004559A3 /* WorkSans-SemiBoldItalic.ttf */ = {isa = PBXFileReference; lastKnownFileType = file; path = "WorkSans-SemiBoldItalic.ttf"; sourceTree = "<group>"; };
		203B964C2C8EECA7004559A3 /* WorkSans-Thin.ttf */ = {isa = PBXFileReference; lastKnownFileType = file; path = "WorkSans-Thin.ttf"; sourceTree = "<group>"; };
		203B964D2C8EECA7004559A3 /* WorkSans-ThinItalic.ttf */ = {isa = PBXFileReference; lastKnownFileType = file; path = "WorkSans-ThinItalic.ttf"; sourceTree = "<group>"; };
		203B964F2C8EECA7004559A3 /* OFL.txt */ = {isa = PBXFileReference; fileEncoding = 4; lastKnownFileType = text; path = OFL.txt; sourceTree = "<group>"; };
		203B96502C8EECA7004559A3 /* README.txt */ = {isa = PBXFileReference; fileEncoding = 4; lastKnownFileType = text; path = README.txt; sourceTree = "<group>"; };
		203B96512C8EECA7004559A3 /* WorkSans-Italic-VariableFont_wght.ttf */ = {isa = PBXFileReference; lastKnownFileType = file; path = "WorkSans-Italic-VariableFont_wght.ttf"; sourceTree = "<group>"; };
		203B96522C8EECA7004559A3 /* WorkSans-VariableFont_wght.ttf */ = {isa = PBXFileReference; lastKnownFileType = file; path = "WorkSans-VariableFont_wght.ttf"; sourceTree = "<group>"; };
		203B966A2C8EED8D004559A3 /* Info.plist */ = {isa = PBXFileReference; lastKnownFileType = text.plist; path = Info.plist; sourceTree = "<group>"; };
		203B966B2C8F2E74004559A3 /* CourseList.swift */ = {isa = PBXFileReference; lastKnownFileType = sourcecode.swift; path = CourseList.swift; sourceTree = "<group>"; };
		204B02BD2C8AF98400D9C41D /* Home.swift */ = {isa = PBXFileReference; lastKnownFileType = sourcecode.swift; path = Home.swift; sourceTree = "<group>"; };
		204B02BF2C8AF9A000D9C41D /* HomeView.swift */ = {isa = PBXFileReference; lastKnownFileType = sourcecode.swift; path = HomeView.swift; sourceTree = "<group>"; };
		204B02C12C8AF9BD00D9C41D /* MenuView.swift */ = {isa = PBXFileReference; lastKnownFileType = sourcecode.swift; path = MenuView.swift; sourceTree = "<group>"; };
		204B02C52C8AF9F900D9C41D /* UpdateDetail.swift */ = {isa = PBXFileReference; lastKnownFileType = sourcecode.swift; path = UpdateDetail.swift; sourceTree = "<group>"; };
		204B02C72C8AFA3C00D9C41D /* UpdateStore.swift */ = {isa = PBXFileReference; lastKnownFileType = sourcecode.swift; path = UpdateStore.swift; sourceTree = "<group>"; };
		204B02C92C8AFA5500D9C41D /* TabBar.swift */ = {isa = PBXFileReference; lastKnownFileType = sourcecode.swift; path = TabBar.swift; sourceTree = "<group>"; };
		20A14E142C84B80900B64599 /* DesignCode.app */ = {isa = PBXFileReference; explicitFileType = wrapper.application; includeInIndex = 0; path = DesignCode.app; sourceTree = BUILT_PRODUCTS_DIR; };
		20A14E172C84B80900B64599 /* DesignCodeApp.swift */ = {isa = PBXFileReference; lastKnownFileType = sourcecode.swift; path = DesignCodeApp.swift; sourceTree = "<group>"; };
		20A14E192C84B80900B64599 /* ContentView.swift */ = {isa = PBXFileReference; lastKnownFileType = sourcecode.swift; path = ContentView.swift; sourceTree = "<group>"; };
		20A14E1B2C84B80B00B64599 /* Assets.xcassets */ = {isa = PBXFileReference; lastKnownFileType = folder.assetcatalog; path = Assets.xcassets; sourceTree = "<group>"; };
		20A14E1E2C84B80B00B64599 /* Preview Assets.xcassets */ = {isa = PBXFileReference; lastKnownFileType = folder.assetcatalog; path = "Preview Assets.xcassets"; sourceTree = "<group>"; };
		20A14E242C84B80B00B64599 /* DesignCodeTests.xctest */ = {isa = PBXFileReference; explicitFileType = wrapper.cfbundle; includeInIndex = 0; path = DesignCodeTests.xctest; sourceTree = BUILT_PRODUCTS_DIR; };
		20A14E282C84B80C00B64599 /* DesignCodeTests.swift */ = {isa = PBXFileReference; lastKnownFileType = sourcecode.swift; path = DesignCodeTests.swift; sourceTree = "<group>"; };
		20A14E2E2C84B80C00B64599 /* DesignCodeUITests.xctest */ = {isa = PBXFileReference; explicitFileType = wrapper.cfbundle; includeInIndex = 0; path = DesignCodeUITests.xctest; sourceTree = BUILT_PRODUCTS_DIR; };
		20A14E322C84B80C00B64599 /* DesignCodeUITests.swift */ = {isa = PBXFileReference; lastKnownFileType = sourcecode.swift; path = DesignCodeUITests.swift; sourceTree = "<group>"; };
		20A14E342C84B80C00B64599 /* DesignCodeUITestsLaunchTests.swift */ = {isa = PBXFileReference; lastKnownFileType = sourcecode.swift; path = DesignCodeUITestsLaunchTests.swift; sourceTree = "<group>"; };
		20A4B11A2C8AFD3E00EA8A2C /* UpdateList.swift */ = {isa = PBXFileReference; lastKnownFileType = sourcecode.swift; path = UpdateList.swift; sourceTree = "<group>"; };
/* End PBXFileReference section */

/* Begin PBXFrameworksBuildPhase section */
		20A14E112C84B80900B64599 /* Frameworks */ = {
			isa = PBXFrameworksBuildPhase;
			buildActionMask = 2147483647;
			files = (
			);
			runOnlyForDeploymentPostprocessing = 0;
		};
		20A14E212C84B80B00B64599 /* Frameworks */ = {
			isa = PBXFrameworksBuildPhase;
			buildActionMask = 2147483647;
			files = (
			);
			runOnlyForDeploymentPostprocessing = 0;
		};
		20A14E2B2C84B80C00B64599 /* Frameworks */ = {
			isa = PBXFrameworksBuildPhase;
			buildActionMask = 2147483647;
			files = (
			);
			runOnlyForDeploymentPostprocessing = 0;
		};
/* End PBXFrameworksBuildPhase section */

/* Begin PBXGroup section */
		203B964E2C8EECA7004559A3 /* static */ = {
			isa = PBXGroup;
			children = (
				203B963C2C8EECA7004559A3 /* WorkSans-Black.ttf */,
				203B963D2C8EECA7004559A3 /* WorkSans-BlackItalic.ttf */,
				203B963E2C8EECA7004559A3 /* WorkSans-Bold.ttf */,
				203B963F2C8EECA7004559A3 /* WorkSans-BoldItalic.ttf */,
				203B96402C8EECA7004559A3 /* WorkSans-ExtraBold.ttf */,
				203B96412C8EECA7004559A3 /* WorkSans-ExtraBoldItalic.ttf */,
				203B96422C8EECA7004559A3 /* WorkSans-ExtraLight.ttf */,
				203B96432C8EECA7004559A3 /* WorkSans-ExtraLightItalic.ttf */,
				203B96442C8EECA7004559A3 /* WorkSans-Italic.ttf */,
				203B96452C8EECA7004559A3 /* WorkSans-Light.ttf */,
				203B96462C8EECA7004559A3 /* WorkSans-LightItalic.ttf */,
				203B96472C8EECA7004559A3 /* WorkSans-Medium.ttf */,
				203B96482C8EECA7004559A3 /* WorkSans-MediumItalic.ttf */,
				203B96492C8EECA7004559A3 /* WorkSans-Regular.ttf */,
				203B964A2C8EECA7004559A3 /* WorkSans-SemiBold.ttf */,
				203B964B2C8EECA7004559A3 /* WorkSans-SemiBoldItalic.ttf */,
				203B964C2C8EECA7004559A3 /* WorkSans-Thin.ttf */,
				203B964D2C8EECA7004559A3 /* WorkSans-ThinItalic.ttf */,
			);
			path = static;
			sourceTree = "<group>";
		};
		203B96532C8EECA7004559A3 /* Work_Sans */ = {
			isa = PBXGroup;
			children = (
				203B964E2C8EECA7004559A3 /* static */,
				203B964F2C8EECA7004559A3 /* OFL.txt */,
				203B96502C8EECA7004559A3 /* README.txt */,
				203B96512C8EECA7004559A3 /* WorkSans-Italic-VariableFont_wght.ttf */,
				203B96522C8EECA7004559A3 /* WorkSans-VariableFont_wght.ttf */,
			);
			path = Work_Sans;
			sourceTree = "<group>";
		};
		20A14E0B2C84B80900B64599 = {
			isa = PBXGroup;
			children = (
				20A14E162C84B80900B64599 /* DesignCode */,
				20A14E272C84B80C00B64599 /* DesignCodeTests */,
				20A14E312C84B80C00B64599 /* DesignCodeUITests */,
				20A14E152C84B80900B64599 /* Products */,
			);
			sourceTree = "<group>";
		};
		20A14E152C84B80900B64599 /* Products */ = {
			isa = PBXGroup;
			children = (
				20A14E142C84B80900B64599 /* DesignCode.app */,
				20A14E242C84B80B00B64599 /* DesignCodeTests.xctest */,
				20A14E2E2C84B80C00B64599 /* DesignCodeUITests.xctest */,
			);
			name = Products;
			sourceTree = "<group>";
		};
		20A14E162C84B80900B64599 /* DesignCode */ = {
			isa = PBXGroup;
			children = (
				203B966A2C8EED8D004559A3 /* Info.plist */,
				20A14E172C84B80900B64599 /* DesignCodeApp.swift */,
				20A14E192C84B80900B64599 /* ContentView.swift */,
				204B02BD2C8AF98400D9C41D /* Home.swift */,
				204B02BF2C8AF9A000D9C41D /* HomeView.swift */,
				204B02C12C8AF9BD00D9C41D /* MenuView.swift */,
				20A4B11A2C8AFD3E00EA8A2C /* UpdateList.swift */,
				204B02C52C8AF9F900D9C41D /* UpdateDetail.swift */,
				204B02C72C8AFA3C00D9C41D /* UpdateStore.swift */,
				203B966B2C8F2E74004559A3 /* CourseList.swift */,
				204B02C92C8AFA5500D9C41D /* TabBar.swift */,
				203B96382C8DB9BA004559A3 /* RingView.swift */,
				203B963A2C8ED612004559A3 /* Modifier.swift */,
				20A14E1B2C84B80B00B64599 /* Assets.xcassets */,
				203B96532C8EECA7004559A3 /* Work_Sans */,
				20A14E1D2C84B80B00B64599 /* Preview Content */,
			);
			path = DesignCode;
			sourceTree = "<group>";
		};
		20A14E1D2C84B80B00B64599 /* Preview Content */ = {
			isa = PBXGroup;
			children = (
				20A14E1E2C84B80B00B64599 /* Preview Assets.xcassets */,
			);
			path = "Preview Content";
			sourceTree = "<group>";
		};
		20A14E272C84B80C00B64599 /* DesignCodeTests */ = {
			isa = PBXGroup;
			children = (
				20A14E282C84B80C00B64599 /* DesignCodeTests.swift */,
			);
			path = DesignCodeTests;
			sourceTree = "<group>";
		};
		20A14E312C84B80C00B64599 /* DesignCodeUITests */ = {
			isa = PBXGroup;
			children = (
				20A14E322C84B80C00B64599 /* DesignCodeUITests.swift */,
				20A14E342C84B80C00B64599 /* DesignCodeUITestsLaunchTests.swift */,
			);
			path = DesignCodeUITests;
			sourceTree = "<group>";
		};
/* End PBXGroup section */

/* Begin PBXNativeTarget section */
		20A14E132C84B80900B64599 /* DesignCode */ = {
			isa = PBXNativeTarget;
			buildConfigurationList = 20A14E382C84B80C00B64599 /* Build configuration list for PBXNativeTarget "DesignCode" */;
			buildPhases = (
				20A14E102C84B80900B64599 /* Sources */,
				20A14E112C84B80900B64599 /* Frameworks */,
				20A14E122C84B80900B64599 /* Resources */,
			);
			buildRules = (
			);
			dependencies = (
			);
			name = DesignCode;
			productName = DesignCode;
			productReference = 20A14E142C84B80900B64599 /* DesignCode.app */;
			productType = "com.apple.product-type.application";
		};
		20A14E232C84B80B00B64599 /* DesignCodeTests */ = {
			isa = PBXNativeTarget;
			buildConfigurationList = 20A14E3B2C84B80C00B64599 /* Build configuration list for PBXNativeTarget "DesignCodeTests" */;
			buildPhases = (
				20A14E202C84B80B00B64599 /* Sources */,
				20A14E212C84B80B00B64599 /* Frameworks */,
				20A14E222C84B80B00B64599 /* Resources */,
			);
			buildRules = (
			);
			dependencies = (
				20A14E262C84B80C00B64599 /* PBXTargetDependency */,
			);
			name = DesignCodeTests;
			productName = DesignCodeTests;
			productReference = 20A14E242C84B80B00B64599 /* DesignCodeTests.xctest */;
			productType = "com.apple.product-type.bundle.unit-test";
		};
		20A14E2D2C84B80C00B64599 /* DesignCodeUITests */ = {
			isa = PBXNativeTarget;
			buildConfigurationList = 20A14E3E2C84B80C00B64599 /* Build configuration list for PBXNativeTarget "DesignCodeUITests" */;
			buildPhases = (
				20A14E2A2C84B80C00B64599 /* Sources */,
				20A14E2B2C84B80C00B64599 /* Frameworks */,
				20A14E2C2C84B80C00B64599 /* Resources */,
			);
			buildRules = (
			);
			dependencies = (
				20A14E302C84B80C00B64599 /* PBXTargetDependency */,
			);
			name = DesignCodeUITests;
			productName = DesignCodeUITests;
			productReference = 20A14E2E2C84B80C00B64599 /* DesignCodeUITests.xctest */;
			productType = "com.apple.product-type.bundle.ui-testing";
		};
/* End PBXNativeTarget section */

/* Begin PBXProject section */
		20A14E0C2C84B80900B64599 /* Project object */ = {
			isa = PBXProject;
			attributes = {
				BuildIndependentTargetsInParallel = 1;
				LastSwiftUpdateCheck = 1500;
				LastUpgradeCheck = 1500;
				TargetAttributes = {
					20A14E132C84B80900B64599 = {
						CreatedOnToolsVersion = 15.0.1;
					};
					20A14E232C84B80B00B64599 = {
						CreatedOnToolsVersion = 15.0.1;
						TestTargetID = 20A14E132C84B80900B64599;
					};
					20A14E2D2C84B80C00B64599 = {
						CreatedOnToolsVersion = 15.0.1;
						TestTargetID = 20A14E132C84B80900B64599;
					};
				};
			};
			buildConfigurationList = 20A14E0F2C84B80900B64599 /* Build configuration list for PBXProject "DesignCode" */;
			compatibilityVersion = "Xcode 14.0";
			developmentRegion = en;
			hasScannedForEncodings = 0;
			knownRegions = (
				en,
				Base,
			);
			mainGroup = 20A14E0B2C84B80900B64599;
			productRefGroup = 20A14E152C84B80900B64599 /* Products */;
			projectDirPath = "";
			projectRoot = "";
			targets = (
				20A14E132C84B80900B64599 /* DesignCode */,
				20A14E232C84B80B00B64599 /* DesignCodeTests */,
				20A14E2D2C84B80C00B64599 /* DesignCodeUITests */,
			);
		};
/* End PBXProject section */

/* Begin PBXResourcesBuildPhase section */
		20A14E122C84B80900B64599 /* Resources */ = {
			isa = PBXResourcesBuildPhase;
			buildActionMask = 2147483647;
			files = (
				203B96662C8EECA7004559A3 /* OFL.txt in Resources */,
				203B96592C8EECA7004559A3 /* WorkSans-ExtraBoldItalic.ttf in Resources */,
				203B96672C8EECA7004559A3 /* README.txt in Resources */,
				203B96602C8EECA7004559A3 /* WorkSans-MediumItalic.ttf in Resources */,
				203B96552C8EECA7004559A3 /* WorkSans-BlackItalic.ttf in Resources */,
				203B96692C8EECA7004559A3 /* WorkSans-VariableFont_wght.ttf in Resources */,
				203B96622C8EECA7004559A3 /* WorkSans-SemiBold.ttf in Resources */,
				203B96572C8EECA7004559A3 /* WorkSans-BoldItalic.ttf in Resources */,
				203B96582C8EECA7004559A3 /* WorkSans-ExtraBold.ttf in Resources */,
				203B96642C8EECA7004559A3 /* WorkSans-Thin.ttf in Resources */,
				203B965E2C8EECA7004559A3 /* WorkSans-LightItalic.ttf in Resources */,
				203B965F2C8EECA7004559A3 /* WorkSans-Medium.ttf in Resources */,
				203B96612C8EECA7004559A3 /* WorkSans-Regular.ttf in Resources */,
				203B965B2C8EECA7004559A3 /* WorkSans-ExtraLightItalic.ttf in Resources */,
				203B96542C8EECA7004559A3 /* WorkSans-Black.ttf in Resources */,
				20A14E1F2C84B80B00B64599 /* Preview Assets.xcassets in Resources */,
				203B96652C8EECA7004559A3 /* WorkSans-ThinItalic.ttf in Resources */,
				203B96682C8EECA7004559A3 /* WorkSans-Italic-VariableFont_wght.ttf in Resources */,
				203B965D2C8EECA7004559A3 /* WorkSans-Light.ttf in Resources */,
				203B96632C8EECA7004559A3 /* WorkSans-SemiBoldItalic.ttf in Resources */,
				203B965C2C8EECA7004559A3 /* WorkSans-Italic.ttf in Resources */,
				20A14E1C2C84B80B00B64599 /* Assets.xcassets in Resources */,
				203B965A2C8EECA7004559A3 /* WorkSans-ExtraLight.ttf in Resources */,
				203B96562C8EECA7004559A3 /* WorkSans-Bold.ttf in Resources */,
			);
			runOnlyForDeploymentPostprocessing = 0;
		};
		20A14E222C84B80B00B64599 /* Resources */ = {
			isa = PBXResourcesBuildPhase;
			buildActionMask = 2147483647;
			files = (
			);
			runOnlyForDeploymentPostprocessing = 0;
		};
		20A14E2C2C84B80C00B64599 /* Resources */ = {
			isa = PBXResourcesBuildPhase;
			buildActionMask = 2147483647;
			files = (
			);
			runOnlyForDeploymentPostprocessing = 0;
		};
/* End PBXResourcesBuildPhase section */

/* Begin PBXSourcesBuildPhase section */
		20A14E102C84B80900B64599 /* Sources */ = {
			isa = PBXSourcesBuildPhase;
			buildActionMask = 2147483647;
			files = (
				203B96392C8DB9BB004559A3 /* RingView.swift in Sources */,
				204B02CA2C8AFA5500D9C41D /* TabBar.swift in Sources */,
				204B02C62C8AF9F900D9C41D /* UpdateDetail.swift in Sources */,
				204B02C22C8AF9BD00D9C41D /* MenuView.swift in Sources */,
				203B966C2C8F2E74004559A3 /* CourseList.swift in Sources */,
				20A14E1A2C84B80900B64599 /* ContentView.swift in Sources */,
				204B02C82C8AFA3C00D9C41D /* UpdateStore.swift in Sources */,
				204B02C02C8AF9A000D9C41D /* HomeView.swift in Sources */,
				203B963B2C8ED612004559A3 /* Modifier.swift in Sources */,
				204B02BE2C8AF98400D9C41D /* Home.swift in Sources */,
				20A14E182C84B80900B64599 /* DesignCodeApp.swift in Sources */,
				20A4B11B2C8AFD3E00EA8A2C /* UpdateList.swift in Sources */,
			);
			runOnlyForDeploymentPostprocessing = 0;
		};
		20A14E202C84B80B00B64599 /* Sources */ = {
			isa = PBXSourcesBuildPhase;
			buildActionMask = 2147483647;
			files = (
				20A14E292C84B80C00B64599 /* DesignCodeTests.swift in Sources */,
			);
			runOnlyForDeploymentPostprocessing = 0;
		};
		20A14E2A2C84B80C00B64599 /* Sources */ = {
			isa = PBXSourcesBuildPhase;
			buildActionMask = 2147483647;
			files = (
				20A14E332C84B80C00B64599 /* DesignCodeUITests.swift in Sources */,
				20A14E352C84B80C00B64599 /* DesignCodeUITestsLaunchTests.swift in Sources */,
			);
			runOnlyForDeploymentPostprocessing = 0;
		};
/* End PBXSourcesBuildPhase section */

/* Begin PBXTargetDependency section */
		20A14E262C84B80C00B64599 /* PBXTargetDependency */ = {
			isa = PBXTargetDependency;
			target = 20A14E132C84B80900B64599 /* DesignCode */;
			targetProxy = 20A14E252C84B80C00B64599 /* PBXContainerItemProxy */;
		};
		20A14E302C84B80C00B64599 /* PBXTargetDependency */ = {
			isa = PBXTargetDependency;
			target = 20A14E132C84B80900B64599 /* DesignCode */;
			targetProxy = 20A14E2F2C84B80C00B64599 /* PBXContainerItemProxy */;
		};
/* End PBXTargetDependency section */

/* Begin XCBuildConfiguration section */
		20A14E362C84B80C00B64599 /* Debug */ = {
			isa = XCBuildConfiguration;
			buildSettings = {
				ALWAYS_SEARCH_USER_PATHS = NO;
				ASSETCATALOG_COMPILER_GENERATE_SWIFT_ASSET_SYMBOL_EXTENSIONS = YES;
				CLANG_ANALYZER_NONNULL = YES;
				CLANG_ANALYZER_NUMBER_OBJECT_CONVERSION = YES_AGGRESSIVE;
				CLANG_CXX_LANGUAGE_STANDARD = "gnu++20";
				CLANG_ENABLE_MODULES = YES;
				CLANG_ENABLE_OBJC_ARC = YES;
				CLANG_ENABLE_OBJC_WEAK = YES;
				CLANG_WARN_BLOCK_CAPTURE_AUTORELEASING = YES;
				CLANG_WARN_BOOL_CONVERSION = YES;
				CLANG_WARN_COMMA = YES;
				CLANG_WARN_CONSTANT_CONVERSION = YES;
				CLANG_WARN_DEPRECATED_OBJC_IMPLEMENTATIONS = YES;
				CLANG_WARN_DIRECT_OBJC_ISA_USAGE = YES_ERROR;
				CLANG_WARN_DOCUMENTATION_COMMENTS = YES;
				CLANG_WARN_EMPTY_BODY = YES;
				CLANG_WARN_ENUM_CONVERSION = YES;
				CLANG_WARN_INFINITE_RECURSION = YES;
				CLANG_WARN_INT_CONVERSION = YES;
				CLANG_WARN_NON_LITERAL_NULL_CONVERSION = YES;
				CLANG_WARN_OBJC_IMPLICIT_RETAIN_SELF = YES;
				CLANG_WARN_OBJC_LITERAL_CONVERSION = YES;
				CLANG_WARN_OBJC_ROOT_CLASS = YES_ERROR;
				CLANG_WARN_QUOTED_INCLUDE_IN_FRAMEWORK_HEADER = YES;
				CLANG_WARN_RANGE_LOOP_ANALYSIS = YES;
				CLANG_WARN_STRICT_PROTOTYPES = YES;
				CLANG_WARN_SUSPICIOUS_MOVE = YES;
				CLANG_WARN_UNGUARDED_AVAILABILITY = YES_AGGRESSIVE;
				CLANG_WARN_UNREACHABLE_CODE = YES;
				CLANG_WARN__DUPLICATE_METHOD_MATCH = YES;
				COPY_PHASE_STRIP = NO;
				DEBUG_INFORMATION_FORMAT = dwarf;
				ENABLE_STRICT_OBJC_MSGSEND = YES;
				ENABLE_TESTABILITY = YES;
				ENABLE_USER_SCRIPT_SANDBOXING = YES;
				GCC_C_LANGUAGE_STANDARD = gnu17;
				GCC_DYNAMIC_NO_PIC = NO;
				GCC_NO_COMMON_BLOCKS = YES;
				GCC_OPTIMIZATION_LEVEL = 0;
				GCC_PREPROCESSOR_DEFINITIONS = (
					"DEBUG=1",
					"$(inherited)",
				);
				GCC_WARN_64_TO_32_BIT_CONVERSION = YES;
				GCC_WARN_ABOUT_RETURN_TYPE = YES_ERROR;
				GCC_WARN_UNDECLARED_SELECTOR = YES;
				GCC_WARN_UNINITIALIZED_AUTOS = YES_AGGRESSIVE;
				GCC_WARN_UNUSED_FUNCTION = YES;
				GCC_WARN_UNUSED_VARIABLE = YES;
				IPHONEOS_DEPLOYMENT_TARGET = 17.0;
				LOCALIZATION_PREFERS_STRING_CATALOGS = YES;
				MTL_ENABLE_DEBUG_INFO = INCLUDE_SOURCE;
				MTL_FAST_MATH = YES;
				ONLY_ACTIVE_ARCH = YES;
				SDKROOT = iphoneos;
				SWIFT_ACTIVE_COMPILATION_CONDITIONS = "DEBUG $(inherited)";
				SWIFT_OPTIMIZATION_LEVEL = "-Onone";
			};
			name = Debug;
		};
		20A14E372C84B80C00B64599 /* Release */ = {
			isa = XCBuildConfiguration;
			buildSettings = {
				ALWAYS_SEARCH_USER_PATHS = NO;
				ASSETCATALOG_COMPILER_GENERATE_SWIFT_ASSET_SYMBOL_EXTENSIONS = YES;
				CLANG_ANALYZER_NONNULL = YES;
				CLANG_ANALYZER_NUMBER_OBJECT_CONVERSION = YES_AGGRESSIVE;
				CLANG_CXX_LANGUAGE_STANDARD = "gnu++20";
				CLANG_ENABLE_MODULES = YES;
				CLANG_ENABLE_OBJC_ARC = YES;
				CLANG_ENABLE_OBJC_WEAK = YES;
				CLANG_WARN_BLOCK_CAPTURE_AUTORELEASING = YES;
				CLANG_WARN_BOOL_CONVERSION = YES;
				CLANG_WARN_COMMA = YES;
				CLANG_WARN_CONSTANT_CONVERSION = YES;
				CLANG_WARN_DEPRECATED_OBJC_IMPLEMENTATIONS = YES;
				CLANG_WARN_DIRECT_OBJC_ISA_USAGE = YES_ERROR;
				CLANG_WARN_DOCUMENTATION_COMMENTS = YES;
				CLANG_WARN_EMPTY_BODY = YES;
				CLANG_WARN_ENUM_CONVERSION = YES;
				CLANG_WARN_INFINITE_RECURSION = YES;
				CLANG_WARN_INT_CONVERSION = YES;
				CLANG_WARN_NON_LITERAL_NULL_CONVERSION = YES;
				CLANG_WARN_OBJC_IMPLICIT_RETAIN_SELF = YES;
				CLANG_WARN_OBJC_LITERAL_CONVERSION = YES;
				CLANG_WARN_OBJC_ROOT_CLASS = YES_ERROR;
				CLANG_WARN_QUOTED_INCLUDE_IN_FRAMEWORK_HEADER = YES;
				CLANG_WARN_RANGE_LOOP_ANALYSIS = YES;
				CLANG_WARN_STRICT_PROTOTYPES = YES;
				CLANG_WARN_SUSPICIOUS_MOVE = YES;
				CLANG_WARN_UNGUARDED_AVAILABILITY = YES_AGGRESSIVE;
				CLANG_WARN_UNREACHABLE_CODE = YES;
				CLANG_WARN__DUPLICATE_METHOD_MATCH = YES;
				COPY_PHASE_STRIP = NO;
				DEBUG_INFORMATION_FORMAT = "dwarf-with-dsym";
				ENABLE_NS_ASSERTIONS = NO;
				ENABLE_STRICT_OBJC_MSGSEND = YES;
				ENABLE_USER_SCRIPT_SANDBOXING = YES;
				GCC_C_LANGUAGE_STANDARD = gnu17;
				GCC_NO_COMMON_BLOCKS = YES;
				GCC_WARN_64_TO_32_BIT_CONVERSION = YES;
				GCC_WARN_ABOUT_RETURN_TYPE = YES_ERROR;
				GCC_WARN_UNDECLARED_SELECTOR = YES;
				GCC_WARN_UNINITIALIZED_AUTOS = YES_AGGRESSIVE;
				GCC_WARN_UNUSED_FUNCTION = YES;
				GCC_WARN_UNUSED_VARIABLE = YES;
				IPHONEOS_DEPLOYMENT_TARGET = 17.0;
				LOCALIZATION_PREFERS_STRING_CATALOGS = YES;
				MTL_ENABLE_DEBUG_INFO = NO;
				MTL_FAST_MATH = YES;
				SDKROOT = iphoneos;
				SWIFT_COMPILATION_MODE = wholemodule;
				VALIDATE_PRODUCT = YES;
			};
			name = Release;
		};
		20A14E392C84B80C00B64599 /* Debug */ = {
			isa = XCBuildConfiguration;
			buildSettings = {
				ASSETCATALOG_COMPILER_APPICON_NAME = AppIcon;
				ASSETCATALOG_COMPILER_GLOBAL_ACCENT_COLOR_NAME = AccentColor;
				CODE_SIGN_STYLE = Automatic;
				CURRENT_PROJECT_VERSION = 1;
				DEVELOPMENT_ASSET_PATHS = "\"DesignCode/Preview Content\"";
				DEVELOPMENT_TEAM = 4SV5CWGRV6;
				ENABLE_PREVIEWS = YES;
				GENERATE_INFOPLIST_FILE = YES;
				INFOPLIST_FILE = DesignCode/Info.plist;
				INFOPLIST_KEY_UIApplicationSceneManifest_Generation = YES;
				INFOPLIST_KEY_UIApplicationSupportsIndirectInputEvents = YES;
				INFOPLIST_KEY_UILaunchScreen_Generation = YES;
				INFOPLIST_KEY_UISupportedInterfaceOrientations_iPad = "UIInterfaceOrientationPortrait UIInterfaceOrientationPortraitUpsideDown UIInterfaceOrientationLandscapeLeft UIInterfaceOrientationLandscapeRight";
				INFOPLIST_KEY_UISupportedInterfaceOrientations_iPhone = "UIInterfaceOrientationPortrait UIInterfaceOrientationLandscapeLeft UIInterfaceOrientationLandscapeRight";
				LD_RUNPATH_SEARCH_PATHS = (
					"$(inherited)",
					"@executable_path/Frameworks",
				);
				MARKETING_VERSION = 1.0;
				PRODUCT_BUNDLE_IDENTIFIER = com.MayankAtri.DesignCode;
				PRODUCT_NAME = "$(TARGET_NAME)";
				SWIFT_EMIT_LOC_STRINGS = YES;
				SWIFT_VERSION = 5.0;
				TARGETED_DEVICE_FAMILY = "1,2";
			};
			name = Debug;
		};
		20A14E3A2C84B80C00B64599 /* Release */ = {
			isa = XCBuildConfiguration;
			buildSettings = {
				ASSETCATALOG_COMPILER_APPICON_NAME = AppIcon;
				ASSETCATALOG_COMPILER_GLOBAL_ACCENT_COLOR_NAME = AccentColor;
				CODE_SIGN_STYLE = Automatic;
				CURRENT_PROJECT_VERSION = 1;
				DEVELOPMENT_ASSET_PATHS = "\"DesignCode/Preview Content\"";
				DEVELOPMENT_TEAM = 4SV5CWGRV6;
				ENABLE_PREVIEWS = YES;
				GENERATE_INFOPLIST_FILE = YES;
				INFOPLIST_FILE = DesignCode/Info.plist;
				INFOPLIST_KEY_UIApplicationSceneManifest_Generation = YES;
				INFOPLIST_KEY_UIApplicationSupportsIndirectInputEvents = YES;
				INFOPLIST_KEY_UILaunchScreen_Generation = YES;
				INFOPLIST_KEY_UISupportedInterfaceOrientations_iPad = "UIInterfaceOrientationPortrait UIInterfaceOrientationPortraitUpsideDown UIInterfaceOrientationLandscapeLeft UIInterfaceOrientationLandscapeRight";
				INFOPLIST_KEY_UISupportedInterfaceOrientations_iPhone = "UIInterfaceOrientationPortrait UIInterfaceOrientationLandscapeLeft UIInterfaceOrientationLandscapeRight";
				LD_RUNPATH_SEARCH_PATHS = (
					"$(inherited)",
					"@executable_path/Frameworks",
				);
				MARKETING_VERSION = 1.0;
				PRODUCT_BUNDLE_IDENTIFIER = com.MayankAtri.DesignCode;
				PRODUCT_NAME = "$(TARGET_NAME)";
				SWIFT_EMIT_LOC_STRINGS = YES;
				SWIFT_VERSION = 5.0;
				TARGETED_DEVICE_FAMILY = "1,2";
			};
			name = Release;
		};
		20A14E3C2C84B80C00B64599 /* Debug */ = {
			isa = XCBuildConfiguration;
			buildSettings = {
				ALWAYS_EMBED_SWIFT_STANDARD_LIBRARIES = YES;
				BUNDLE_LOADER = "$(TEST_HOST)";
				CODE_SIGN_STYLE = Automatic;
				CURRENT_PROJECT_VERSION = 1;
				DEVELOPMENT_TEAM = 4SV5CWGRV6;
				GENERATE_INFOPLIST_FILE = YES;
				IPHONEOS_DEPLOYMENT_TARGET = 17.0;
				MARKETING_VERSION = 1.0;
				PRODUCT_BUNDLE_IDENTIFIER = com.MayankAtri.DesignCodeTests;
				PRODUCT_NAME = "$(TARGET_NAME)";
				SWIFT_EMIT_LOC_STRINGS = NO;
				SWIFT_VERSION = 5.0;
				TARGETED_DEVICE_FAMILY = "1,2";
				TEST_HOST = "$(BUILT_PRODUCTS_DIR)/DesignCode.app/$(BUNDLE_EXECUTABLE_FOLDER_PATH)/DesignCode";
			};
			name = Debug;
		};
		20A14E3D2C84B80C00B64599 /* Release */ = {
			isa = XCBuildConfiguration;
			buildSettings = {
				ALWAYS_EMBED_SWIFT_STANDARD_LIBRARIES = YES;
				BUNDLE_LOADER = "$(TEST_HOST)";
				CODE_SIGN_STYLE = Automatic;
				CURRENT_PROJECT_VERSION = 1;
				DEVELOPMENT_TEAM = 4SV5CWGRV6;
				GENERATE_INFOPLIST_FILE = YES;
				IPHONEOS_DEPLOYMENT_TARGET = 17.0;
				MARKETING_VERSION = 1.0;
				PRODUCT_BUNDLE_IDENTIFIER = com.MayankAtri.DesignCodeTests;
				PRODUCT_NAME = "$(TARGET_NAME)";
				SWIFT_EMIT_LOC_STRINGS = NO;
				SWIFT_VERSION = 5.0;
				TARGETED_DEVICE_FAMILY = "1,2";
				TEST_HOST = "$(BUILT_PRODUCTS_DIR)/DesignCode.app/$(BUNDLE_EXECUTABLE_FOLDER_PATH)/DesignCode";
			};
			name = Release;
		};
		20A14E3F2C84B80C00B64599 /* Debug */ = {
			isa = XCBuildConfiguration;
			buildSettings = {
				ALWAYS_EMBED_SWIFT_STANDARD_LIBRARIES = YES;
				CODE_SIGN_STYLE = Automatic;
				CURRENT_PROJECT_VERSION = 1;
				DEVELOPMENT_TEAM = 4SV5CWGRV6;
				GENERATE_INFOPLIST_FILE = YES;
				MARKETING_VERSION = 1.0;
				PRODUCT_BUNDLE_IDENTIFIER = com.MayankAtri.DesignCodeUITests;
				PRODUCT_NAME = "$(TARGET_NAME)";
				SWIFT_EMIT_LOC_STRINGS = NO;
				SWIFT_VERSION = 5.0;
				TARGETED_DEVICE_FAMILY = "1,2";
				TEST_TARGET_NAME = DesignCode;
			};
			name = Debug;
		};
		20A14E402C84B80C00B64599 /* Release */ = {
			isa = XCBuildConfiguration;
			buildSettings = {
				ALWAYS_EMBED_SWIFT_STANDARD_LIBRARIES = YES;
				CODE_SIGN_STYLE = Automatic;
				CURRENT_PROJECT_VERSION = 1;
				DEVELOPMENT_TEAM = 4SV5CWGRV6;
				GENERATE_INFOPLIST_FILE = YES;
				MARKETING_VERSION = 1.0;
				PRODUCT_BUNDLE_IDENTIFIER = com.MayankAtri.DesignCodeUITests;
				PRODUCT_NAME = "$(TARGET_NAME)";
				SWIFT_EMIT_LOC_STRINGS = NO;
				SWIFT_VERSION = 5.0;
				TARGETED_DEVICE_FAMILY = "1,2";
				TEST_TARGET_NAME = DesignCode;
			};
			name = Release;
		};
/* End XCBuildConfiguration section */

/* Begin XCConfigurationList section */
		20A14E0F2C84B80900B64599 /* Build configuration list for PBXProject "DesignCode" */ = {
			isa = XCConfigurationList;
			buildConfigurations = (
				20A14E362C84B80C00B64599 /* Debug */,
				20A14E372C84B80C00B64599 /* Release */,
			);
			defaultConfigurationIsVisible = 0;
			defaultConfigurationName = Release;
		};
		20A14E382C84B80C00B64599 /* Build configuration list for PBXNativeTarget "DesignCode" */ = {
			isa = XCConfigurationList;
			buildConfigurations = (
				20A14E392C84B80C00B64599 /* Debug */,
				20A14E3A2C84B80C00B64599 /* Release */,
			);
			defaultConfigurationIsVisible = 0;
			defaultConfigurationName = Release;
		};
		20A14E3B2C84B80C00B64599 /* Build configuration list for PBXNativeTarget "DesignCodeTests" */ = {
			isa = XCConfigurationList;
			buildConfigurations = (
				20A14E3C2C84B80C00B64599 /* Debug */,
				20A14E3D2C84B80C00B64599 /* Release */,
			);
			defaultConfigurationIsVisible = 0;
			defaultConfigurationName = Release;
		};
		20A14E3E2C84B80C00B64599 /* Build configuration list for PBXNativeTarget "DesignCodeUITests" */ = {
			isa = XCConfigurationList;
			buildConfigurations = (
				20A14E3F2C84B80C00B64599 /* Debug */,
				20A14E402C84B80C00B64599 /* Release */,
			);
			defaultConfigurationIsVisible = 0;
			defaultConfigurationName = Release;
		};
/* End XCConfigurationList section */
	};
	rootObject = 20A14E0C2C84B80900B64599 /* Project object */;
}
